
Microsoft Visual Studio Solution File, Format Version 12.00
# Visual Studio Version 17
VisualStudioVersion = 17.0.31903.59
MinimumVisualStudioVersion = 10.0.40219.1
Project("{2150E333-8FDC-42A3-9474-1A3956D46DE8}") = "src", "src", "{827E0CD3-B72D-47B6-A68D-7590B98EB39B}"
EndProject
Project("{FAE04EC0-301F-11D3-BF4B-00C04F79EFBC}") = "RevendaPedidos.Api", "src\RevendaPedidos.Api\RevendaPedidos.Api.csproj", "{2688F092-A381-4A30-97BD-2CE26D8B6042}"
EndProject
Project("{FAE04EC0-301F-11D3-BF4B-00C04F79EFBC}") = "RevendaPedidos.Domain", "src\RevendaPedidos.Domain\RevendaPedidos.Domain.csproj", "{57D23690-4DF7-43CB-9720-706830186315}"
EndProject
Project("{FAE04EC0-301F-11D3-BF4B-00C04F79EFBC}") = "RevendaPedidos.Infrastructure", "src\RevendaPedidos.Infrastructure\RevendaPedidos.Infrastructure.csproj", "{5F04FCE3-C501-4D71-AA93-1335E4C77FC0}"
EndProject
Project("{FAE04EC0-301F-11D3-BF4B-00C04F79EFBC}") = "RevendaPedidos.DI", "src\RevendaPedidos.DI\RevendaPedidos.DI.csproj", "{5EA19842-AC39-8B1C-7E52-5AF08D011EFA}"
EndProject
Project("{FAE04EC0-301F-11D3-BF4B-00C04F79EFBC}") = "RevendaPedidos.Application.Impl", "src\RevendaPedidos.Application.Impl\RevendaPedidos.Application.Impl.csproj", "{F73795CC-388F-D638-1284-39A5ACF0E2F2}"
EndProject
Project("{FAE04EC0-301F-11D3-BF4B-00C04F79EFBC}") = "RevendaPedidos.Shared", "src\RevendaPedidos.Shared\RevendaPedidos.Shared.csproj", "{ABB1539A-1E15-E8E4-71B7-A04BE2ED4B75}"
EndProject
Project("{FAE04EC0-301F-11D3-BF4B-00C04F79EFBC}") = "RevendaPedidos.Test", "src\RevendaPedidos.Test\RevendaPedidos.Test.csproj", "{8BBE575D-31CD-8D2B-457A-678CEA5884C2}"
EndProject
Project("{FAE04EC0-301F-11D3-BF4B-00C04F79EFBC}") = "RevendaPedidos.Application", "src\RevendaPedidos.Application\RevendaPedidos.Application.csproj", "{EBEA64D8-2BB7-9C98-525B-2F6AAE203724}"
EndProject
Project("{E53339B2-1760-4266-BCC7-CA923CBCF16C}") = "docker-compose", "docker-compose.dcproj", "{81DDED9D-158B-E303-5F62-77A2896D2A5A}"
EndProject
Project("{2150E333-8FDC-42A3-9474-1A3956D46DE8}") = "Itens de Solução", "Itens de Solução", "{380A7511-A354-6D7A-0CC0-8FA1F1BA7B6C}"
	ProjectSection(SolutionItems) = preProject
		.gitignore = .gitignore
	EndProjectSection
EndProject
Global
	GlobalSection(SolutionConfigurationPlatforms) = preSolution
		Debug|Any CPU = Debug|Any CPU
		Debug|x64 = Debug|x64
		Debug|x86 = Debug|x86
		Release|Any CPU = Release|Any CPU
		Release|x64 = Release|x64
		Release|x86 = Release|x86
	EndGlobalSection
	GlobalSection(ProjectConfigurationPlatforms) = postSolution
		{2688F092-A381-4A30-97BD-2CE26D8B6042}.Debug|Any CPU.ActiveCfg = Debug|Any CPU
		{2688F092-A381-4A30-97BD-2CE26D8B6042}.Debug|Any CPU.Build.0 = Debug|Any CPU
		{2688F092-A381-4A30-97BD-2CE26D8B6042}.Debug|x64.ActiveCfg = Debug|Any CPU
		{2688F092-A381-4A30-97BD-2CE26D8B6042}.Debug|x64.Build.0 = Debug|Any CPU
		{2688F092-A381-4A30-97BD-2CE26D8B6042}.Debug|x86.ActiveCfg = Debug|Any CPU
		{2688F092-A381-4A30-97BD-2CE26D8B6042}.Debug|x86.Build.0 = Debug|Any CPU
		{2688F092-A381-4A30-97BD-2CE26D8B6042}.Release|Any CPU.ActiveCfg = Release|Any CPU
		{2688F092-A381-4A30-97BD-2CE26D8B6042}.Release|Any CPU.Build.0 = Release|Any CPU
		{2688F092-A381-4A30-97BD-2CE26D8B6042}.Release|x64.ActiveCfg = Release|Any CPU
		{2688F092-A381-4A30-97BD-2CE26D8B6042}.Release|x64.Build.0 = Release|Any CPU
		{2688F092-A381-4A30-97BD-2CE26D8B6042}.Release|x86.ActiveCfg = Release|Any CPU
		{2688F092-A381-4A30-97BD-2CE26D8B6042}.Release|x86.Build.0 = Release|Any CPU
		{57D23690-4DF7-43CB-9720-706830186315}.Debug|Any CPU.ActiveCfg = Debug|Any CPU
		{57D23690-4DF7-43CB-9720-706830186315}.Debug|Any CPU.Build.0 = Debug|Any CPU
		{57D23690-4DF7-43CB-9720-706830186315}.Debug|x64.ActiveCfg = Debug|Any CPU
		{57D23690-4DF7-43CB-9720-706830186315}.Debug|x64.Build.0 = Debug|Any CPU
		{57D23690-4DF7-43CB-9720-706830186315}.Debug|x86.ActiveCfg = Debug|Any CPU
		{57D23690-4DF7-43CB-9720-706830186315}.Debug|x86.Build.0 = Debug|Any CPU
		{57D23690-4DF7-43CB-9720-706830186315}.Release|Any CPU.ActiveCfg = Release|Any CPU
		{57D23690-4DF7-43CB-9720-706830186315}.Release|Any CPU.Build.0 = Release|Any CPU
		{57D23690-4DF7-43CB-9720-706830186315}.Release|x64.ActiveCfg = Release|Any CPU
		{57D23690-4DF7-43CB-9720-706830186315}.Release|x64.Build.0 = Release|Any CPU
		{57D23690-4DF7-43CB-9720-706830186315}.Release|x86.ActiveCfg = Release|Any CPU
		{57D23690-4DF7-43CB-9720-706830186315}.Release|x86.Build.0 = Release|Any CPU
		{5F04FCE3-C501-4D71-AA93-1335E4C77FC0}.Debug|Any CPU.ActiveCfg = Debug|Any CPU
		{5F04FCE3-C501-4D71-AA93-1335E4C77FC0}.Debug|Any CPU.Build.0 = Debug|Any CPU
		{5F04FCE3-C501-4D71-AA93-1335E4C77FC0}.Debug|x64.ActiveCfg = Debug|Any CPU
		{5F04FCE3-C501-4D71-AA93-1335E4C77FC0}.Debug|x64.Build.0 = Debug|Any CPU
		{5F04FCE3-C501-4D71-AA93-1335E4C77FC0}.Debug|x86.ActiveCfg = Debug|Any CPU
		{5F04FCE3-C501-4D71-AA93-1335E4C77FC0}.Debug|x86.Build.0 = Debug|Any CPU
		{5F04FCE3-C501-4D71-AA93-1335E4C77FC0}.Release|Any CPU.ActiveCfg = Release|Any CPU
		{5F04FCE3-C501-4D71-AA93-1335E4C77FC0}.Release|Any CPU.Build.0 = Release|Any CPU
		{5F04FCE3-C501-4D71-AA93-1335E4C77FC0}.Release|x64.ActiveCfg = Release|Any CPU
		{5F04FCE3-C501-4D71-AA93-1335E4C77FC0}.Release|x64.Build.0 = Release|Any CPU
		{5F04FCE3-C501-4D71-AA93-1335E4C77FC0}.Release|x86.ActiveCfg = Release|Any CPU
		{5F04FCE3-C501-4D71-AA93-1335E4C77FC0}.Release|x86.Build.0 = Release|Any CPU
		{5EA19842-AC39-8B1C-7E52-5AF08D011EFA}.Debug|Any CPU.ActiveCfg = Debug|Any CPU
		{5EA19842-AC39-8B1C-7E52-5AF08D011EFA}.Debug|Any CPU.Build.0 = Debug|Any CPU
		{5EA19842-AC39-8B1C-7E52-5AF08D011EFA}.Debug|x64.ActiveCfg = Debug|Any CPU
		{5EA19842-AC39-8B1C-7E52-5AF08D011EFA}.Debug|x64.Build.0 = Debug|Any CPU
		{5EA19842-AC39-8B1C-7E52-5AF08D011EFA}.Debug|x86.ActiveCfg = Debug|Any CPU
		{5EA19842-AC39-8B1C-7E52-5AF08D011EFA}.Debug|x86.Build.0 = Debug|Any CPU
		{5EA19842-AC39-8B1C-7E52-5AF08D011EFA}.Release|Any CPU.ActiveCfg = Release|Any CPU
		{5EA19842-AC39-8B1C-7E52-5AF08D011EFA}.Release|Any CPU.Build.0 = Release|Any CPU
		{5EA19842-AC39-8B1C-7E52-5AF08D011EFA}.Release|x64.ActiveCfg = Release|Any CPU
		{5EA19842-AC39-8B1C-7E52-5AF08D011EFA}.Release|x64.Build.0 = Release|Any CPU
		{5EA19842-AC39-8B1C-7E52-5AF08D011EFA}.Release|x86.ActiveCfg = Release|Any CPU
		{5EA19842-AC39-8B1C-7E52-5AF08D011EFA}.Release|x86.Build.0 = Release|Any CPU
		{F73795CC-388F-D638-1284-39A5ACF0E2F2}.Debug|Any CPU.ActiveCfg = Debug|Any CPU
		{F73795CC-388F-D638-1284-39A5ACF0E2F2}.Debug|Any CPU.Build.0 = Debug|Any CPU
		{F73795CC-388F-D638-1284-39A5ACF0E2F2}.Debug|x64.ActiveCfg = Debug|Any CPU
		{F73795CC-388F-D638-1284-39A5ACF0E2F2}.Debug|x64.Build.0 = Debug|Any CPU
		{F73795CC-388F-D638-1284-39A5ACF0E2F2}.Debug|x86.ActiveCfg = Debug|Any CPU
		{F73795CC-388F-D638-1284-39A5ACF0E2F2}.Debug|x86.Build.0 = Debug|Any CPU
		{F73795CC-388F-D638-1284-39A5ACF0E2F2}.Release|Any CPU.ActiveCfg = Release|Any CPU
		{F73795CC-388F-D638-1284-39A5ACF0E2F2}.Release|Any CPU.Build.0 = Release|Any CPU
		{F73795CC-388F-D638-1284-39A5ACF0E2F2}.Release|x64.ActiveCfg = Release|Any CPU
		{F73795CC-388F-D638-1284-39A5ACF0E2F2}.Release|x64.Build.0 = Release|Any CPU
		{F73795CC-388F-D638-1284-39A5ACF0E2F2}.Release|x86.ActiveCfg = Release|Any CPU
		{F73795CC-388F-D638-1284-39A5ACF0E2F2}.Release|x86.Build.0 = Release|Any CPU
		{ABB1539A-1E15-E8E4-71B7-A04BE2ED4B75}.Debug|Any CPU.ActiveCfg = Debug|Any CPU
		{ABB1539A-1E15-E8E4-71B7-A04BE2ED4B75}.Debug|Any CPU.Build.0 = Debug|Any CPU
		{ABB1539A-1E15-E8E4-71B7-A04BE2ED4B75}.Debug|x64.ActiveCfg = Debug|Any CPU
		{ABB1539A-1E15-E8E4-71B7-A04BE2ED4B75}.Debug|x64.Build.0 = Debug|Any CPU
		{ABB1539A-1E15-E8E4-71B7-A04BE2ED4B75}.Debug|x86.ActiveCfg = Debug|Any CPU
		{ABB1539A-1E15-E8E4-71B7-A04BE2ED4B75}.Debug|x86.Build.0 = Debug|Any CPU
		{ABB1539A-1E15-E8E4-71B7-A04BE2ED4B75}.Release|Any CPU.ActiveCfg = Release|Any CPU
		{ABB1539A-1E15-E8E4-71B7-A04BE2ED4B75}.Release|Any CPU.Build.0 = Release|Any CPU
		{ABB1539A-1E15-E8E4-71B7-A04BE2ED4B75}.Release|x64.ActiveCfg = Release|Any CPU
		{ABB1539A-1E15-E8E4-71B7-A04BE2ED4B75}.Release|x64.Build.0 = Release|Any CPU
		{ABB1539A-1E15-E8E4-71B7-A04BE2ED4B75}.Release|x86.ActiveCfg = Release|Any CPU
		{ABB1539A-1E15-E8E4-71B7-A04BE2ED4B75}.Release|x86.Build.0 = Release|Any CPU
		{8BBE575D-31CD-8D2B-457A-678CEA5884C2}.Debug|Any CPU.ActiveCfg = Debug|Any CPU
		{8BBE575D-31CD-8D2B-457A-678CEA5884C2}.Debug|Any CPU.Build.0 = Debug|Any CPU
		{8BBE575D-31CD-8D2B-457A-678CEA5884C2}.Debug|x64.ActiveCfg = Debug|Any CPU
		{8BBE575D-31CD-8D2B-457A-678CEA5884C2}.Debug|x64.Build.0 = Debug|Any CPU
		{8BBE575D-31CD-8D2B-457A-678CEA5884C2}.Debug|x86.ActiveCfg = Debug|Any CPU
		{8BBE575D-31CD-8D2B-457A-678CEA5884C2}.Debug|x86.Build.0 = Debug|Any CPU
		{8BBE575D-31CD-8D2B-457A-678CEA5884C2}.Release|Any CPU.ActiveCfg = Release|Any CPU
		{8BBE575D-31CD-8D2B-457A-678CEA5884C2}.Release|Any CPU.Build.0 = Release|Any CPU
		{8BBE575D-31CD-8D2B-457A-678CEA5884C2}.Release|x64.ActiveCfg = Release|Any CPU
		{8BBE575D-31CD-8D2B-457A-678CEA5884C2}.Release|x64.Build.0 = Release|Any CPU
		{8BBE575D-31CD-8D2B-457A-678CEA5884C2}.Release|x86.ActiveCfg = Release|Any CPU
		{8BBE575D-31CD-8D2B-457A-678CEA5884C2}.Release|x86.Build.0 = Release|Any CPU
		{EBEA64D8-2BB7-9C98-525B-2F6AAE203724}.Debug|Any CPU.ActiveCfg = Debug|Any CPU
		{EBEA64D8-2BB7-9C98-525B-2F6AAE203724}.Debug|Any CPU.Build.0 = Debug|Any CPU
		{EBEA64D8-2BB7-9C98-525B-2F6AAE203724}.Debug|x64.ActiveCfg = Debug|Any CPU
		{EBEA64D8-2BB7-9C98-525B-2F6AAE203724}.Debug|x64.Build.0 = Debug|Any CPU
		{EBEA64D8-2BB7-9C98-525B-2F6AAE203724}.Debug|x86.ActiveCfg = Debug|Any CPU
		{EBEA64D8-2BB7-9C98-525B-2F6AAE203724}.Debug|x86.Build.0 = Debug|Any CPU
		{EBEA64D8-2BB7-9C98-525B-2F6AAE203724}.Release|Any CPU.ActiveCfg = Release|Any CPU
		{EBEA64D8-2BB7-9C98-525B-2F6AAE203724}.Release|Any CPU.Build.0 = Release|Any CPU
		{EBEA64D8-2BB7-9C98-525B-2F6AAE203724}.Release|x64.ActiveCfg = Release|Any CPU
		{EBEA64D8-2BB7-9C98-525B-2F6AAE203724}.Release|x64.Build.0 = Release|Any CPU
		{EBEA64D8-2BB7-9C98-525B-2F6AAE203724}.Release|x86.ActiveCfg = Release|Any CPU
		{EBEA64D8-2BB7-9C98-525B-2F6AAE203724}.Release|x86.Build.0 = Release|Any CPU
		{81DDED9D-158B-E303-5F62-77A2896D2A5A}.Debug|Any CPU.ActiveCfg = Debug|Any CPU
		{81DDED9D-158B-E303-5F62-77A2896D2A5A}.Debug|Any CPU.Build.0 = Debug|Any CPU
		{81DDED9D-158B-E303-5F62-77A2896D2A5A}.Debug|x64.ActiveCfg = Debug|Any CPU
		{81DDED9D-158B-E303-5F62-77A2896D2A5A}.Debug|x64.Build.0 = Debug|Any CPU
		{81DDED9D-158B-E303-5F62-77A2896D2A5A}.Debug|x86.ActiveCfg = Debug|Any CPU
		{81DDED9D-158B-E303-5F62-77A2896D2A5A}.Debug|x86.Build.0 = Debug|Any CPU
		{81DDED9D-158B-E303-5F62-77A2896D2A5A}.Release|Any CPU.ActiveCfg = Release|Any CPU
		{81DDED9D-158B-E303-5F62-77A2896D2A5A}.Release|Any CPU.Build.0 = Release|Any CPU
		{81DDED9D-158B-E303-5F62-77A2896D2A5A}.Release|x64.ActiveCfg = Release|Any CPU
		{81DDED9D-158B-E303-5F62-77A2896D2A5A}.Release|x64.Build.0 = Release|Any CPU
		{81DDED9D-158B-E303-5F62-77A2896D2A5A}.Release|x86.ActiveCfg = Release|Any CPU
		{81DDED9D-158B-E303-5F62-77A2896D2A5A}.Release|x86.Build.0 = Release|Any CPU
	EndGlobalSection
	GlobalSection(SolutionProperties) = preSolution
		HideSolutionNode = FALSE
	EndGlobalSection
	GlobalSection(NestedProjects) = preSolution
		{2688F092-A381-4A30-97BD-2CE26D8B6042} = {827E0CD3-B72D-47B6-A68D-7590B98EB39B}
		{57D23690-4DF7-43CB-9720-706830186315} = {827E0CD3-B72D-47B6-A68D-7590B98EB39B}
		{5F04FCE3-C501-4D71-AA93-1335E4C77FC0} = {827E0CD3-B72D-47B6-A68D-7590B98EB39B}
		{5EA19842-AC39-8B1C-7E52-5AF08D011EFA} = {827E0CD3-B72D-47B6-A68D-7590B98EB39B}
		{F73795CC-388F-D638-1284-39A5ACF0E2F2} = {827E0CD3-B72D-47B6-A68D-7590B98EB39B}
		{ABB1539A-1E15-E8E4-71B7-A04BE2ED4B75} = {827E0CD3-B72D-47B6-A68D-7590B98EB39B}
		{8BBE575D-31CD-8D2B-457A-678CEA5884C2} = {827E0CD3-B72D-47B6-A68D-7590B98EB39B}
		{EBEA64D8-2BB7-9C98-525B-2F6AAE203724} = {827E0CD3-B72D-47B6-A68D-7590B98EB39B}
	EndGlobalSection
	GlobalSection(ExtensibilityGlobals) = postSolution
		SolutionGuid = {A8237034-7C35-4583-B2CC-E79650AE24FC}
	EndGlobalSection
EndGlobal
